// !$*UTF8*$!
{
	archiveVersion = 1;
	classes = {
	};
	objectVersion = 46;
	objects = {

/* Begin PBXBuildFile section */
		49E130781901ECC3007156C3 /* Foundation.framework in Frameworks */ = {isa = PBXBuildFile; fileRef = 49E130771901ECC3007156C3 /* Foundation.framework */; };
		49E1307A1901ECC3007156C3 /* CoreGraphics.framework in Frameworks */ = {isa = PBXBuildFile; fileRef = 49E130791901ECC3007156C3 /* CoreGraphics.framework */; };
		49E1307C1901ECC3007156C3 /* UIKit.framework in Frameworks */ = {isa = PBXBuildFile; fileRef = 49E1307B1901ECC3007156C3 /* UIKit.framework */; };
		49E130821901ECC3007156C3 /* InfoPlist.strings in Resources */ = {isa = PBXBuildFile; fileRef = 49E130801901ECC3007156C3 /* InfoPlist.strings */; };
		49E130841901ECC4007156C3 /* main.m in Sources */ = {isa = PBXBuildFile; fileRef = 49E130831901ECC4007156C3 /* main.m */; };
		49E130881901ECC4007156C3 /* com_citywhiskAppDelegate.m in Sources */ = {isa = PBXBuildFile; fileRef = 49E130871901ECC4007156C3 /* com_citywhiskAppDelegate.m */; };
		49E1308B1901ECC4007156C3 /* Main.storyboard in Resources */ = {isa = PBXBuildFile; fileRef = 49E130891901ECC4007156C3 /* Main.storyboard */; };
		49E1308E1901ECC4007156C3 /* com_citywhiskFirstViewController.m in Sources */ = {isa = PBXBuildFile; fileRef = 49E1308D1901ECC4007156C3 /* com_citywhiskFirstViewController.m */; };
		49E130911901ECC4007156C3 /* com_citywhiskSecondViewController.m in Sources */ = {isa = PBXBuildFile; fileRef = 49E130901901ECC4007156C3 /* com_citywhiskSecondViewController.m */; };
		49E130931901ECC4007156C3 /* Images.xcassets in Resources */ = {isa = PBXBuildFile; fileRef = 49E130921901ECC4007156C3 /* Images.xcassets */; };
		49E1309A1901ECC4007156C3 /* XCTest.framework in Frameworks */ = {isa = PBXBuildFile; fileRef = 49E130991901ECC4007156C3 /* XCTest.framework */; };
		49E1309B1901ECC4007156C3 /* Foundation.framework in Frameworks */ = {isa = PBXBuildFile; fileRef = 49E130771901ECC3007156C3 /* Foundation.framework */; };
		49E1309C1901ECC4007156C3 /* UIKit.framework in Frameworks */ = {isa = PBXBuildFile; fileRef = 49E1307B1901ECC3007156C3 /* UIKit.framework */; };
		49E130A41901ECC4007156C3 /* InfoPlist.strings in Resources */ = {isa = PBXBuildFile; fileRef = 49E130A21901ECC4007156C3 /* InfoPlist.strings */; };
		49E130A61901ECC4007156C3 /* VoluncruitTests.m in Sources */ = {isa = PBXBuildFile; fileRef = 49E130A51901ECC4007156C3 /* VoluncruitTests.m */; };
/* End PBXBuildFile section */

/* Begin PBXContainerItemProxy section */
		49E1309D1901ECC4007156C3 /* PBXContainerItemProxy */ = {
			isa = PBXContainerItemProxy;
			containerPortal = 49E1306C1901ECC3007156C3 /* Project object */;
			proxyType = 1;
			remoteGlobalIDString = 49E130731901ECC3007156C3;
			remoteInfo = Voluncruit;
		};
/* End PBXContainerItemProxy section */

/* Begin PBXFileReference section */
		49E130741901ECC3007156C3 /* Voluncruit.app */ = {isa = PBXFileReference; explicitFileType = wrapper.application; includeInIndex = 0; path = Voluncruit.app; sourceTree = BUILT_PRODUCTS_DIR; };
		49E130771901ECC3007156C3 /* Foundation.framework */ = {isa = PBXFileReference; lastKnownFileType = wrapper.framework; name = Foundation.framework; path = System/Library/Frameworks/Foundation.framework; sourceTree = SDKROOT; };
		49E130791901ECC3007156C3 /* CoreGraphics.framework */ = {isa = PBXFileReference; lastKnownFileType = wrapper.framework; name = CoreGraphics.framework; path = System/Library/Frameworks/CoreGraphics.framework; sourceTree = SDKROOT; };
		49E1307B1901ECC3007156C3 /* UIKit.framework */ = {isa = PBXFileReference; lastKnownFileType = wrapper.framework; name = UIKit.framework; path = System/Library/Frameworks/UIKit.framework; sourceTree = SDKROOT; };
		49E1307F1901ECC3007156C3 /* Voluncruit-Info.plist */ = {isa = PBXFileReference; lastKnownFileType = text.plist.xml; path = "Voluncruit-Info.plist"; sourceTree = "<group>"; };
		49E130811901ECC3007156C3 /* en */ = {isa = PBXFileReference; lastKnownFileType = text.plist.strings; name = en; path = en.lproj/InfoPlist.strings; sourceTree = "<group>"; };
		49E130831901ECC4007156C3 /* main.m */ = {isa = PBXFileReference; lastKnownFileType = sourcecode.c.objc; path = main.m; sourceTree = "<group>"; };
		49E130851901ECC4007156C3 /* Voluncruit-Prefix.pch */ = {isa = PBXFileReference; lastKnownFileType = sourcecode.c.h; path = "Voluncruit-Prefix.pch"; sourceTree = "<group>"; };
		49E130861901ECC4007156C3 /* com_citywhiskAppDelegate.h */ = {isa = PBXFileReference; lastKnownFileType = sourcecode.c.h; path = com_citywhiskAppDelegate.h; sourceTree = "<group>"; };
		49E130871901ECC4007156C3 /* com_citywhiskAppDelegate.m */ = {isa = PBXFileReference; lastKnownFileType = sourcecode.c.objc; path = com_citywhiskAppDelegate.m; sourceTree = "<group>"; };
		49E1308A1901ECC4007156C3 /* Base */ = {isa = PBXFileReference; lastKnownFileType = file.storyboard; name = Base; path = Base.lproj/Main.storyboard; sourceTree = "<group>"; };
		49E1308C1901ECC4007156C3 /* com_citywhiskFirstViewController.h */ = {isa = PBXFileReference; lastKnownFileType = sourcecode.c.h; path = com_citywhiskFirstViewController.h; sourceTree = "<group>"; };
		49E1308D1901ECC4007156C3 /* com_citywhiskFirstViewController.m */ = {isa = PBXFileReference; lastKnownFileType = sourcecode.c.objc; path = com_citywhiskFirstViewController.m; sourceTree = "<group>"; };
		49E1308F1901ECC4007156C3 /* com_citywhiskSecondViewController.h */ = {isa = PBXFileReference; lastKnownFileType = sourcecode.c.h; path = com_citywhiskSecondViewController.h; sourceTree = "<group>"; };
		49E130901901ECC4007156C3 /* com_citywhiskSecondViewController.m */ = {isa = PBXFileReference; lastKnownFileType = sourcecode.c.objc; path = com_citywhiskSecondViewController.m; sourceTree = "<group>"; };
		49E130921901ECC4007156C3 /* Images.xcassets */ = {isa = PBXFileReference; lastKnownFileType = folder.assetcatalog; path = Images.xcassets; sourceTree = "<group>"; };
		49E130981901ECC4007156C3 /* VoluncruitTests.xctest */ = {isa = PBXFileReference; explicitFileType = wrapper.cfbundle; includeInIndex = 0; path = VoluncruitTests.xctest; sourceTree = BUILT_PRODUCTS_DIR; };
		49E130991901ECC4007156C3 /* XCTest.framework */ = {isa = PBXFileReference; lastKnownFileType = wrapper.framework; name = XCTest.framework; path = Library/Frameworks/XCTest.framework; sourceTree = DEVELOPER_DIR; };
		49E130A11901ECC4007156C3 /* VoluncruitTests-Info.plist */ = {isa = PBXFileReference; lastKnownFileType = text.plist.xml; path = "VoluncruitTests-Info.plist"; sourceTree = "<group>"; };
		49E130A31901ECC4007156C3 /* en */ = {isa = PBXFileReference; lastKnownFileType = text.plist.strings; name = en; path = en.lproj/InfoPlist.strings; sourceTree = "<group>"; };
		49E130A51901ECC4007156C3 /* VoluncruitTests.m */ = {isa = PBXFileReference; lastKnownFileType = sourcecode.c.objc; path = VoluncruitTests.m; sourceTree = "<group>"; };
/* End PBXFileReference section */

/* Begin PBXFrameworksBuildPhase section */
		49E130711901ECC3007156C3 /* Frameworks */ = {
			isa = PBXFrameworksBuildPhase;
			buildActionMask = 2147483647;
			files = (
				49E1307A1901ECC3007156C3 /* CoreGraphics.framework in Frameworks */,
				49E1307C1901ECC3007156C3 /* UIKit.framework in Frameworks */,
				49E130781901ECC3007156C3 /* Foundation.framework in Frameworks */,
			);
			runOnlyForDeploymentPostprocessing = 0;
		};
		49E130951901ECC4007156C3 /* Frameworks */ = {
			isa = PBXFrameworksBuildPhase;
			buildActionMask = 2147483647;
			files = (
				49E1309A1901ECC4007156C3 /* XCTest.framework in Frameworks */,
				49E1309C1901ECC4007156C3 /* UIKit.framework in Frameworks */,
				49E1309B1901ECC4007156C3 /* Foundation.framework in Frameworks */,
			);
			runOnlyForDeploymentPostprocessing = 0;
		};
/* End PBXFrameworksBuildPhase section */

/* Begin PBXGroup section */
		49E1306B1901ECC3007156C3 = {
			isa = PBXGroup;
			children = (
				49E1307D1901ECC3007156C3 /* Voluncruit */,
				49E1309F1901ECC4007156C3 /* VoluncruitTests */,
				49E130761901ECC3007156C3 /* Frameworks */,
				49E130751901ECC3007156C3 /* Products */,
			);
			sourceTree = "<group>";
		};
		49E130751901ECC3007156C3 /* Products */ = {
			isa = PBXGroup;
			children = (
				49E130741901ECC3007156C3 /* Voluncruit.app */,
				49E130981901ECC4007156C3 /* VoluncruitTests.xctest */,
			);
			name = Products;
			sourceTree = "<group>";
		};
		49E130761901ECC3007156C3 /* Frameworks */ = {
			isa = PBXGroup;
			children = (
				49E130771901ECC3007156C3 /* Foundation.framework */,
				49E130791901ECC3007156C3 /* CoreGraphics.framework */,
				49E1307B1901ECC3007156C3 /* UIKit.framework */,
				49E130991901ECC4007156C3 /* XCTest.framework */,
			);
			name = Frameworks;
			sourceTree = "<group>";
		};
		49E1307D1901ECC3007156C3 /* Voluncruit */ = {
			isa = PBXGroup;
			children = (
				49E130861901ECC4007156C3 /* com_citywhiskAppDelegate.h */,
				49E130871901ECC4007156C3 /* com_citywhiskAppDelegate.m */,
				49E130891901ECC4007156C3 /* Main.storyboard */,
				49E1308C1901ECC4007156C3 /* com_citywhiskFirstViewController.h */,
				49E1308D1901ECC4007156C3 /* com_citywhiskFirstViewController.m */,
				49E1308F1901ECC4007156C3 /* com_citywhiskSecondViewController.h */,
				49E130901901ECC4007156C3 /* com_citywhiskSecondViewController.m */,
				49E130921901ECC4007156C3 /* Images.xcassets */,
				49E1307E1901ECC3007156C3 /* Supporting Files */,
			);
			path = Voluncruit;
			sourceTree = "<group>";
		};
		49E1307E1901ECC3007156C3 /* Supporting Files */ = {
			isa = PBXGroup;
			children = (
				49E1307F1901ECC3007156C3 /* Voluncruit-Info.plist */,
				49E130801901ECC3007156C3 /* InfoPlist.strings */,
				49E130831901ECC4007156C3 /* main.m */,
				49E130851901ECC4007156C3 /* Voluncruit-Prefix.pch */,
			);
			name = "Supporting Files";
			sourceTree = "<group>";
		};
		49E1309F1901ECC4007156C3 /* VoluncruitTests */ = {
			isa = PBXGroup;
			children = (
				49E130A51901ECC4007156C3 /* VoluncruitTests.m */,
				49E130A01901ECC4007156C3 /* Supporting Files */,
			);
			path = VoluncruitTests;
			sourceTree = "<group>";
		};
		49E130A01901ECC4007156C3 /* Supporting Files */ = {
			isa = PBXGroup;
			children = (
				49E130A11901ECC4007156C3 /* VoluncruitTests-Info.plist */,
				49E130A21901ECC4007156C3 /* InfoPlist.strings */,
			);
			name = "Supporting Files";
			sourceTree = "<group>";
		};
/* End PBXGroup section */

/* Begin PBXNativeTarget section */
		49E130731901ECC3007156C3 /* Voluncruit */ = {
			isa = PBXNativeTarget;
			buildConfigurationList = 49E130A91901ECC4007156C3 /* Build configuration list for PBXNativeTarget "Voluncruit" */;
			buildPhases = (
				49E130701901ECC3007156C3 /* Sources */,
				49E130711901ECC3007156C3 /* Frameworks */,
				49E130721901ECC3007156C3 /* Resources */,
			);
			buildRules = (
			);
			dependencies = (
			);
			name = Voluncruit;
			productName = Voluncruit;
			productReference = 49E130741901ECC3007156C3 /* Voluncruit.app */;
			productType = "com.apple.product-type.application";
		};
		49E130971901ECC4007156C3 /* VoluncruitTests */ = {
			isa = PBXNativeTarget;
			buildConfigurationList = 49E130AC1901ECC4007156C3 /* Build configuration list for PBXNativeTarget "VoluncruitTests" */;
			buildPhases = (
				49E130941901ECC4007156C3 /* Sources */,
				49E130951901ECC4007156C3 /* Frameworks */,
				49E130961901ECC4007156C3 /* Resources */,
			);
			buildRules = (
			);
			dependencies = (
				49E1309E1901ECC4007156C3 /* PBXTargetDependency */,
			);
			name = VoluncruitTests;
			productName = VoluncruitTests;
			productReference = 49E130981901ECC4007156C3 /* VoluncruitTests.xctest */;
			productType = "com.apple.product-type.bundle.unit-test";
		};
/* End PBXNativeTarget section */

/* Begin PBXProject section */
		49E1306C1901ECC3007156C3 /* Project object */ = {
			isa = PBXProject;
			attributes = {
				CLASSPREFIX = com.citywhisk;
				LastUpgradeCheck = 0510;
				ORGANIZATIONNAME = CityWhisk;
				TargetAttributes = {
					49E130971901ECC4007156C3 = {
						TestTargetID = 49E130731901ECC3007156C3;
					};
				};
			};
			buildConfigurationList = 49E1306F1901ECC3007156C3 /* Build configuration list for PBXProject "Voluncruit" */;
			compatibilityVersion = "Xcode 3.2";
			developmentRegion = English;
			hasScannedForEncodings = 0;
			knownRegions = (
				en,
				Base,
			);
			mainGroup = 49E1306B1901ECC3007156C3;
			productRefGroup = 49E130751901ECC3007156C3 /* Products */;
			projectDirPath = "";
			projectRoot = "";
			targets = (
				49E130731901ECC3007156C3 /* Voluncruit */,
				49E130971901ECC4007156C3 /* VoluncruitTests */,
			);
		};
/* End PBXProject section */

/* Begin PBXResourcesBuildPhase section */
		49E130721901ECC3007156C3 /* Resources */ = {
			isa = PBXResourcesBuildPhase;
			buildActionMask = 2147483647;
			files = (
				49E130931901ECC4007156C3 /* Images.xcassets in Resources */,
				49E130821901ECC3007156C3 /* InfoPlist.strings in Resources */,
				49E1308B1901ECC4007156C3 /* Main.storyboard in Resources */,
			);
			runOnlyForDeploymentPostprocessing = 0;
		};
		49E130961901ECC4007156C3 /* Resources */ = {
			isa = PBXResourcesBuildPhase;
			buildActionMask = 2147483647;
			files = (
				49E130A41901ECC4007156C3 /* InfoPlist.strings in Resources */,
			);
			runOnlyForDeploymentPostprocessing = 0;
		};
/* End PBXResourcesBuildPhase section */

/* Begin PBXSourcesBuildPhase section */
		49E130701901ECC3007156C3 /* Sources */ = {
			isa = PBXSourcesBuildPhase;
			buildActionMask = 2147483647;
			files = (
				49E1308E1901ECC4007156C3 /* com_citywhiskFirstViewController.m in Sources */,
				49E130881901ECC4007156C3 /* com_citywhiskAppDelegate.m in Sources */,
				49E130911901ECC4007156C3 /* com_citywhiskSecondViewController.m in Sources */,
				49E130841901ECC4007156C3 /* main.m in Sources */,
			);
			runOnlyForDeploymentPostprocessing = 0;
		};
		49E130941901ECC4007156C3 /* Sources */ = {
			isa = PBXSourcesBuildPhase;
			buildActionMask = 2147483647;
			files = (
				49E130A61901ECC4007156C3 /* VoluncruitTests.m in Sources */,
			);
			runOnlyForDeploymentPostprocessing = 0;
		};
/* End PBXSourcesBuildPhase section */

/* Begin PBXTargetDependency section */
		49E1309E1901ECC4007156C3 /* PBXTargetDependency */ = {
			isa = PBXTargetDependency;
			target = 49E130731901ECC3007156C3 /* Voluncruit */;
			targetProxy = 49E1309D1901ECC4007156C3 /* PBXContainerItemProxy */;
		};
/* End PBXTargetDependency section */

/* Begin PBXVariantGroup section */
		49E130801901ECC3007156C3 /* InfoPlist.strings */ = {
			isa = PBXVariantGroup;
			children = (
				49E130811901ECC3007156C3 /* en */,
			);
			name = InfoPlist.strings;
			sourceTree = "<group>";
		};
		49E130891901ECC4007156C3 /* Main.storyboard */ = {
			isa = PBXVariantGroup;
			children = (
				49E1308A1901ECC4007156C3 /* Base */,
			);
			name = Main.storyboard;
			sourceTree = "<group>";
		};
		49E130A21901ECC4007156C3 /* InfoPlist.strings */ = {
			isa = PBXVariantGroup;
			children = (
				49E130A31901ECC4007156C3 /* en */,
			);
			name = InfoPlist.strings;
			sourceTree = "<group>";
		};
/* End PBXVariantGroup section */

/* Begin XCBuildConfiguration section */
		49E130A71901ECC4007156C3 /* Debug */ = {
			isa = XCBuildConfiguration;
			buildSettings = {
				ALWAYS_SEARCH_USER_PATHS = NO;
				CLANG_CXX_LANGUAGE_STANDARD = "gnu++0x";
				CLANG_CXX_LIBRARY = "libc++";
				CLANG_ENABLE_MODULES = YES;
				CLANG_ENABLE_OBJC_ARC = YES;
				CLANG_WARN_BOOL_CONVERSION = YES;
				CLANG_WARN_CONSTANT_CONVERSION = YES;
				CLANG_WARN_DIRECT_OBJC_ISA_USAGE = YES_ERROR;
				CLANG_WARN_EMPTY_BODY = YES;
				CLANG_WARN_ENUM_CONVERSION = YES;
				CLANG_WARN_INT_CONVERSION = YES;
				CLANG_WARN_OBJC_ROOT_CLASS = YES_ERROR;
				CLANG_WARN__DUPLICATE_METHOD_MATCH = YES;
				"CODE_SIGN_IDENTITY[sdk=iphoneos*]" = "iPhone Developer";
				COPY_PHASE_STRIP = NO;
				GCC_C_LANGUAGE_STANDARD = gnu99;
				GCC_DYNAMIC_NO_PIC = NO;
				GCC_OPTIMIZATION_LEVEL = 0;
				GCC_PREPROCESSOR_DEFINITIONS = (
					"DEBUG=1",
					"$(inherited)",
				);
				GCC_SYMBOLS_PRIVATE_EXTERN = NO;
				GCC_WARN_64_TO_32_BIT_CONVERSION = YES;
				GCC_WARN_ABOUT_RETURN_TYPE = YES_ERROR;
				GCC_WARN_UNDECLARED_SELECTOR = YES;
				GCC_WARN_UNINITIALIZED_AUTOS = YES_AGGRESSIVE;
				GCC_WARN_UNUSED_FUNCTION = YES;
				GCC_WARN_UNUSED_VARIABLE = YES;
				IPHONEOS_DEPLOYMENT_TARGET = 7.1;
				ONLY_ACTIVE_ARCH = YES;
				SDKROOT = iphoneos;
			};
			name = Debug;
		};
		49E130A81901ECC4007156C3 /* Release */ = {
			isa = XCBuildConfiguration;
			buildSettings = {
				ALWAYS_SEARCH_USER_PATHS = NO;
				CLANG_CXX_LANGUAGE_STANDARD = "gnu++0x";
				CLANG_CXX_LIBRARY = "libc++";
				CLANG_ENABLE_MODULES = YES;
				CLANG_ENABLE_OBJC_ARC = YES;
				CLANG_WARN_BOOL_CONVERSION = YES;
				CLANG_WARN_CONSTANT_CONVERSION = YES;
				CLANG_WARN_DIRECT_OBJC_ISA_USAGE = YES_ERROR;
				CLANG_WARN_EMPTY_BODY = YES;
				CLANG_WARN_ENUM_CONVERSION = YES;
				CLANG_WARN_INT_CONVERSION = YES;
				CLANG_WARN_OBJC_ROOT_CLASS = YES_ERROR;
				CLANG_WARN__DUPLICATE_METHOD_MATCH = YES;
				"CODE_SIGN_IDENTITY[sdk=iphoneos*]" = "iPhone Developer";
				COPY_PHASE_STRIP = YES;
				ENABLE_NS_ASSERTIONS = NO;
				GCC_C_LANGUAGE_STANDARD = gnu99;
				GCC_WARN_64_TO_32_BIT_CONVERSION = YES;
				GCC_WARN_ABOUT_RETURN_TYPE = YES_ERROR;
				GCC_WARN_UNDECLARED_SELECTOR = YES;
				GCC_WARN_UNINITIALIZED_AUTOS = YES_AGGRESSIVE;
				GCC_WARN_UNUSED_FUNCTION = YES;
				GCC_WARN_UNUSED_VARIABLE = YES;
				IPHONEOS_DEPLOYMENT_TARGET = 7.1;
				SDKROOT = iphoneos;
				VALIDATE_PRODUCT = YES;
			};
			name = Release;
		};
		49E130AA1901ECC4007156C3 /* Debug */ = {
			isa = XCBuildConfiguration;
			buildSettings = {
				ASSETCATALOG_COMPILER_APPICON_NAME = AppIcon;
				ASSETCATALOG_COMPILER_LAUNCHIMAGE_NAME = LaunchImage;
				GCC_PRECOMPILE_PREFIX_HEADER = YES;
				GCC_PREFIX_HEADER = "Voluncruit/Voluncruit-Prefix.pch";
				INFOPLIST_FILE = "Voluncruit/Voluncruit-Info.plist";
				PRODUCT_NAME = "$(TARGET_NAME)";
				WRAPPER_EXTENSION = app;
			};
			name = Debug;
		};
		49E130AB1901ECC4007156C3 /* Release */ = {
			isa = XCBuildConfiguration;
			buildSettings = {
				ASSETCATALOG_COMPILER_APPICON_NAME = AppIcon;
				ASSETCATALOG_COMPILER_LAUNCHIMAGE_NAME = LaunchImage;
				GCC_PRECOMPILE_PREFIX_HEADER = YES;
				GCC_PREFIX_HEADER = "Voluncruit/Voluncruit-Prefix.pch";
				INFOPLIST_FILE = "Voluncruit/Voluncruit-Info.plist";
				PRODUCT_NAME = "$(TARGET_NAME)";
				WRAPPER_EXTENSION = app;
			};
			name = Release;
		};
		49E130AD1901ECC4007156C3 /* Debug */ = {
			isa = XCBuildConfiguration;
			buildSettings = {
				BUNDLE_LOADER = "$(BUILT_PRODUCTS_DIR)/Voluncruit.app/Voluncruit";
				FRAMEWORK_SEARCH_PATHS = (
					"$(SDKROOT)/Developer/Library/Frameworks",
					"$(inherited)",
					"$(DEVELOPER_FRAMEWORKS_DIR)",
				);
				GCC_PRECOMPILE_PREFIX_HEADER = YES;
				GCC_PREFIX_HEADER = "Voluncruit/Voluncruit-Prefix.pch";
				GCC_PREPROCESSOR_DEFINITIONS = (
					"DEBUG=1",
					"$(inherited)",
				);
				INFOPLIST_FILE = "VoluncruitTests/VoluncruitTests-Info.plist";
				PRODUCT_NAME = "$(TARGET_NAME)";
				TEST_HOST = "$(BUNDLE_LOADER)";
				WRAPPER_EXTENSION = xctest;
			};
			name = Debug;
		};
		49E130AE1901ECC4007156C3 /* Release */ = {
			isa = XCBuildConfiguration;
			buildSettings = {
				BUNDLE_LOADER = "$(BUILT_PRODUCTS_DIR)/Voluncruit.app/Voluncruit";
				FRAMEWORK_SEARCH_PATHS = (
					"$(SDKROOT)/Developer/Library/Frameworks",
					"$(inherited)",
					"$(DEVELOPER_FRAMEWORKS_DIR)",
				);
				GCC_PRECOMPILE_PREFIX_HEADER = YES;
				GCC_PREFIX_HEADER = "Voluncruit/Voluncruit-Prefix.pch";
				INFOPLIST_FILE = "VoluncruitTests/VoluncruitTests-Info.plist";
				PRODUCT_NAME = "$(TARGET_NAME)";
				TEST_HOST = "$(BUNDLE_LOADER)";
				WRAPPER_EXTENSION = xctest;
			};
			name = Release;
		};
/* End XCBuildConfiguration section */

/* Begin XCConfigurationList section */
		49E1306F1901ECC3007156C3 /* Build configuration list for PBXProject "Voluncruit" */ = {
			isa = XCConfigurationList;
			buildConfigurations = (
				49E130A71901ECC4007156C3 /* Debug */,
				49E130A81901ECC4007156C3 /* Release */,
			);
			defaultConfigurationIsVisible = 0;
			defaultConfigurationName = Release;
		};
		49E130A91901ECC4007156C3 /* Build configuration list for PBXNativeTarget "Voluncruit" */ = {
			isa = XCConfigurationList;
			buildConfigurations = (
				49E130AA1901ECC4007156C3 /* Debug */,
				49E130AB1901ECC4007156C3 /* Release */,
			);
			defaultConfigurationIsVisible = 0;
		};
		49E130AC1901ECC4007156C3 /* Build configuration list for PBXNativeTarget "VoluncruitTests" */ = {
			isa = XCConfigurationList;
			buildConfigurations = (
				49E130AD1901ECC4007156C3 /* Debug */,
				49E130AE1901ECC4007156C3 /* Release */,
			);
			defaultConfigurationIsVisible = 0;
		};
/* End XCConfigurationList section */
	};
	rootObject = 49E1306C1901ECC3007156C3 /* Project object */;
}
